
Microsoft Visual Studio Solution File, Format Version 12.00
# Visual Studio 15
VisualStudioVersion = 15.0.28010.2046
MinimumVisualStudioVersion = 10.0.40219.1
Project("{FAE04EC0-301F-11D3-BF4B-00C04F79EFBC}") = "ConsoleTestApp", "ConsoleTestApp\ConsoleTestApp.csproj", "{7DDFAEC9-6DC7-43C9-9114-807795598B5A}"
EndProject
Global
	GlobalSection(SolutionConfigurationPlatforms) = preSolution
		Debug|Any CPU = Debug|Any CPU
		Release|Any CPU = Release|Any CPU
	EndGlobalSection
	GlobalSection(ProjectConfigurationPlatforms) = postSolution
		{7DDFAEC9-6DC7-43C9-9114-807795598B5A}.Debug|Any CPU.ActiveCfg = Debug|Any CPU
		{7DDFAEC9-6DC7-43C9-9114-807795598B5A}.Debug|Any CPU.Build.0 = Debug|Any CPU
		{7DDFAEC9-6DC7-43C9-9114-807795598B5A}.Release|Any CPU.ActiveCfg = Release|Any CPU
		{7DDFAEC9-6DC7-43C9-9114-807795598B5A}.Release|Any CPU.Build.0 = Release|Any CPU
	EndGlobalSection
	GlobalSection(SolutionProperties) = preSolution
		HideSolutionNode = FALSE
	EndGlobalSection
	GlobalSection(ExtensibilityGlobals) = postSolution
		SolutionGuid = {8D515BCE-14EC-48FC-B5A6-20766B278EC5}
	EndGlobalSection
EndGlobal
